// !$*UTF8*$!
{
	archiveVersion = 1;
	classes = {
	};
	objectVersion = 46;
	objects = {

/* Begin PBXBuildFile section */
		A405038B1C0489EB0006FAA4 /* AppDelegate.swift in Sources */ = {isa = PBXBuildFile; fileRef = A405038A1C0489EB0006FAA4 /* AppDelegate.swift */; };
		A405038D1C0489EB0006FAA4 /* ViewController.swift in Sources */ = {isa = PBXBuildFile; fileRef = A405038C1C0489EB0006FAA4 /* ViewController.swift */; };
		A40503901C0489EB0006FAA4 /* Main.storyboard in Resources */ = {isa = PBXBuildFile; fileRef = A405038E1C0489EB0006FAA4 /* Main.storyboard */; };
		A40503921C0489EB0006FAA4 /* Assets.xcassets in Resources */ = {isa = PBXBuildFile; fileRef = A40503911C0489EB0006FAA4 /* Assets.xcassets */; };
		A40503951C0489EB0006FAA4 /* LaunchScreen.storyboard in Resources */ = {isa = PBXBuildFile; fileRef = A40503931C0489EB0006FAA4 /* LaunchScreen.storyboard */; };
		A405039D1C048C040006FAA4 /* AdjustableHeaderView.swift in Sources */ = {isa = PBXBuildFile; fileRef = A405039C1C048C040006FAA4 /* AdjustableHeaderView.swift */; };
		A405039F1C048C930006FAA4 /* UINavigationBar_extension.swift in Sources */ = {isa = PBXBuildFile; fileRef = A405039E1C048C930006FAA4 /* UINavigationBar_extension.swift */; };
/* End PBXBuildFile section */

/* Begin PBXFileReference section */
		A40503871C0489EB0006FAA4 /* AdjustableHeaderViewDemo.app */ = {isa = PBXFileReference; explicitFileType = wrapper.application; includeInIndex = 0; path = AdjustableHeaderViewDemo.app; sourceTree = BUILT_PRODUCTS_DIR; };
		A405038A1C0489EB0006FAA4 /* AppDelegate.swift */ = {isa = PBXFileReference; lastKnownFileType = sourcecode.swift; path = AppDelegate.swift; sourceTree = "<group>"; };
		A405038C1C0489EB0006FAA4 /* ViewController.swift */ = {isa = PBXFileReference; lastKnownFileType = sourcecode.swift; path = ViewController.swift; sourceTree = "<group>"; };
		A405038F1C0489EB0006FAA4 /* Base */ = {isa = PBXFileReference; lastKnownFileType = file.storyboard; name = Base; path = Base.lproj/Main.storyboard; sourceTree = "<group>"; };
		A40503911C0489EB0006FAA4 /* Assets.xcassets */ = {isa = PBXFileReference; lastKnownFileType = folder.assetcatalog; path = Assets.xcassets; sourceTree = "<group>"; };
		A40503941C0489EB0006FAA4 /* Base */ = {isa = PBXFileReference; lastKnownFileType = file.storyboard; name = Base; path = Base.lproj/LaunchScreen.storyboard; sourceTree = "<group>"; };
		A40503961C0489EB0006FAA4 /* Info.plist */ = {isa = PBXFileReference; lastKnownFileType = text.plist.xml; path = Info.plist; sourceTree = "<group>"; };
		A405039C1C048C040006FAA4 /* AdjustableHeaderView.swift */ = {isa = PBXFileReference; fileEncoding = 4; lastKnownFileType = sourcecode.swift; path = AdjustableHeaderView.swift; sourceTree = "<group>"; };
		A405039E1C048C930006FAA4 /* UINavigationBar_extension.swift */ = {isa = PBXFileReference; fileEncoding = 4; lastKnownFileType = sourcecode.swift; path = UINavigationBar_extension.swift; sourceTree = "<group>"; };
/* End PBXFileReference section */

/* Begin PBXFrameworksBuildPhase section */
		A40503841C0489EB0006FAA4 /* Frameworks */ = {
			isa = PBXFrameworksBuildPhase;
			buildActionMask = 2147483647;
			files = (
			);
			runOnlyForDeploymentPostprocessing = 0;
		};
/* End PBXFrameworksBuildPhase section */

/* Begin PBXGroup section */
		A405037E1C0489EB0006FAA4 = {
			isa = PBXGroup;
			children = (
				A40503891C0489EB0006FAA4 /* AdjustableHeaderViewDemo */,
				A40503881C0489EB0006FAA4 /* Products */,
			);
			sourceTree = "<group>";
		};
		A40503881C0489EB0006FAA4 /* Products */ = {
			isa = PBXGroup;
			children = (
				A40503871C0489EB0006FAA4 /* AdjustableHeaderViewDemo.app */,
			);
			name = Products;
			sourceTree = "<group>";
		};
		A40503891C0489EB0006FAA4 /* AdjustableHeaderViewDemo */ = {
			isa = PBXGroup;
			children = (
				A405039E1C048C930006FAA4 /* UINavigationBar_extension.swift */,
				A405039C1C048C040006FAA4 /* AdjustableHeaderView.swift */,
				A405038A1C0489EB0006FAA4 /* AppDelegate.swift */,
				A405038C1C0489EB0006FAA4 /* ViewController.swift */,
				A405038E1C0489EB0006FAA4 /* Main.storyboard */,
				A40503911C0489EB0006FAA4 /* Assets.xcassets */,
				A40503931C0489EB0006FAA4 /* LaunchScreen.storyboard */,
				A40503961C0489EB0006FAA4 /* Info.plist */,
			);
			path = AdjustableHeaderViewDemo;
			sourceTree = "<group>";
		};
/* End PBXGroup section */

/* Begin PBXNativeTarget section */
		A40503861C0489EB0006FAA4 /* AdjustableHeaderViewDemo */ = {
			isa = PBXNativeTarget;
			buildConfigurationList = A40503991C0489EB0006FAA4 /* Build configuration list for PBXNativeTarget "AdjustableHeaderViewDemo" */;
			buildPhases = (
				A40503831C0489EB0006FAA4 /* Sources */,
				A40503841C0489EB0006FAA4 /* Frameworks */,
				A40503851C0489EB0006FAA4 /* Resources */,
			);
			buildRules = (
			);
			dependencies = (
			);
			name = AdjustableHeaderViewDemo;
			productName = AdjustableHeaderViewDemo;
			productReference = A40503871C0489EB0006FAA4 /* AdjustableHeaderViewDemo.app */;
			productType = "com.apple.product-type.application";
		};
/* End PBXNativeTarget section */

/* Begin PBXProject section */
		A405037F1C0489EB0006FAA4 /* Project object */ = {
			isa = PBXProject;
			attributes = {
				LastSwiftUpdateCheck = 0710;
				LastUpgradeCheck = 0710;
				ORGANIZATIONNAME = Broccoli;
				TargetAttributes = {
					A40503861C0489EB0006FAA4 = {
						CreatedOnToolsVersion = 7.1.1;
					};
				};
			};
			buildConfigurationList = A40503821C0489EB0006FAA4 /* Build configuration list for PBXProject "AdjustableHeaderViewDemo" */;
			compatibilityVersion = "Xcode 3.2";
			developmentRegion = English;
			hasScannedForEncodings = 0;
			knownRegions = (
				en,
				Base,
			);
			mainGroup = A405037E1C0489EB0006FAA4;
			productRefGroup = A40503881C0489EB0006FAA4 /* Products */;
			projectDirPath = "";
			projectRoot = "";
			targets = (
				A40503861C0489EB0006FAA4 /* AdjustableHeaderViewDemo */,
			);
		};
/* End PBXProject section */

/* Begin PBXResourcesBuildPhase section */
		A40503851C0489EB0006FAA4 /* Resources */ = {
			isa = PBXResourcesBuildPhase;
			buildActionMask = 2147483647;
			files = (
				A40503951C0489EB0006FAA4 /* LaunchScreen.storyboard in Resources */,
				A40503921C0489EB0006FAA4 /* Assets.xcassets in Resources */,
				A40503901C0489EB0006FAA4 /* Main.storyboard in Resources */,
			);
			runOnlyForDeploymentPostprocessing = 0;
		};
/* End PBXResourcesBuildPhase section */

/* Begin PBXSourcesBuildPhase section */
		A40503831C0489EB0006FAA4 /* Sources */ = {
			isa = PBXSourcesBuildPhase;
			buildActionMask = 2147483647;
			files = (
				A405038D1C0489EB0006FAA4 /* ViewController.swift in Sources */,
				A405039F1C048C930006FAA4 /* UINavigationBar_extension.swift in Sources */,
				A405038B1C0489EB0006FAA4 /* AppDelegate.swift in Sources */,
				A405039D1C048C040006FAA4 /* AdjustableHeaderView.swift in Sources */,
			);
			runOnlyForDeploymentPostprocessing = 0;
		};
/* End PBXSourcesBuildPhase section */

/* Begin PBXVariantGroup section */
		A405038E1C0489EB0006FAA4 /* Main.storyboard */ = {
			isa = PBXVariantGroup;
			children = (
				A405038F1C0489EB0006FAA4 /* Base */,
			);
			name = Main.storyboard;
			sourceTree = "<group>";
		};
		A40503931C0489EB0006FAA4 /* LaunchScreen.storyboard */ = {
			isa = PBXVariantGroup;
			children = (
				A40503941C0489EB0006FAA4 /* Base */,
			);
			name = LaunchScreen.storyboard;
			sourceTree = "<group>";
		};
/* End PBXVariantGroup section */

/* Begin XCBuildConfiguration section */
		A40503971C0489EB0006FAA4 /* Debug */ = {
			isa = XCBuildConfiguration;
			buildSettings = {
				ALWAYS_SEARCH_USER_PATHS = NO;
				CLANG_CXX_LANGUAGE_STANDARD = "gnu++0x";
				CLANG_CXX_LIBRARY = "libc++";
				CLANG_ENABLE_MODULES = YES;
				CLANG_ENABLE_OBJC_ARC = YES;
				CLANG_WARN_BOOL_CONVERSION = YES;
				CLANG_WARN_CONSTANT_CONVERSION = YES;
				CLANG_WARN_DIRECT_OBJC_ISA_USAGE = YES_ERROR;
				CLANG_WARN_EMPTY_BODY = YES;
				CLANG_WARN_ENUM_CONVERSION = YES;
				CLANG_WARN_INT_CONVERSION = YES;
				CLANG_WARN_OBJC_ROOT_CLASS = YES_ERROR;
				CLANG_WARN_UNREACHABLE_CODE = YES;
				CLANG_WARN__DUPLICATE_METHOD_MATCH = YES;
				"CODE_SIGN_IDENTITY[sdk=iphoneos*]" = "iPhone Developer";
				COPY_PHASE_STRIP = NO;
				DEBUG_INFORMATION_FORMAT = dwarf;
				ENABLE_STRICT_OBJC_MSGSEND = YES;
				ENABLE_TESTABILITY = YES;
				GCC_C_LANGUAGE_STANDARD = gnu99;
				GCC_DYNAMIC_NO_PIC = NO;
				GCC_NO_COMMON_BLOCKS = YES;
				GCC_OPTIMIZATION_LEVEL = 0;
				GCC_PREPROCESSOR_DEFINITIONS = (
					"DEBUG=1",
					"$(inherited)",
				);
				GCC_WARN_64_TO_32_BIT_CONVERSION = YES;
				GCC_WARN_ABOUT_RETURN_TYPE = YES_ERROR;
				GCC_WARN_UNDECLARED_SELECTOR = YES;
				GCC_WARN_UNINITIALIZED_AUTOS = YES_AGGRESSIVE;
				GCC_WARN_UNUSED_FUNCTION = YES;
				GCC_WARN_UNUSED_VARIABLE = YES;
				IPHONEOS_DEPLOYMENT_TARGET = 9.1;
				MTL_ENABLE_DEBUG_INFO = YES;
				ONLY_ACTIVE_ARCH = YES;
				SDKROOT = iphoneos;
				SWIFT_OPTIMIZATION_LEVEL = "-Onone";
				TARGETED_DEVICE_FAMILY = "1,2";
			};
			name = Debug;
		};
		A40503981C0489EB0006FAA4 /* Release */ = {
			isa = XCBuildConfiguration;
			buildSettings = {
				ALWAYS_SEARCH_USER_PATHS = NO;
				CLANG_CXX_LANGUAGE_STANDARD = "gnu++0x";
				CLANG_CXX_LIBRARY = "libc++";
				CLANG_ENABLE_MODULES = YES;
				CLANG_ENABLE_OBJC_ARC = YES;
				CLANG_WARN_BOOL_CONVERSION = YES;
				CLANG_WARN_CONSTANT_CONVERSION = YES;
				CLANG_WARN_DIRECT_OBJC_ISA_USAGE = YES_ERROR;
				CLANG_WARN_EMPTY_BODY = YES;
				CLANG_WARN_ENUM_CONVERSION = YES;
				CLANG_WARN_INT_CONVERSION = YES;
				CLANG_WARN_OBJC_ROOT_CLASS = YES_ERROR;
				CLANG_WARN_UNREACHABLE_CODE = YES;
				CLANG_WARN__DUPLICATE_METHOD_MATCH = YES;
				"CODE_SIGN_IDENTITY[sdk=iphoneos*]" = "iPhone Developer";
				COPY_PHASE_STRIP = NO;
				DEBUG_INFORMATION_FORMAT = "dwarf-with-dsym";
				ENABLE_NS_ASSERTIONS = NO;
				ENABLE_STRICT_OBJC_MSGSEND = YES;
				GCC_C_LANGUAGE_STANDARD = gnu99;
				GCC_NO_COMMON_BLOCKS = YES;
				GCC_WARN_64_TO_32_BIT_CONVERSION = YES;
				GCC_WARN_ABOUT_RETURN_TYPE = YES_ERROR;
				GCC_WARN_UNDECLARED_SELECTOR = YES;
				GCC_WARN_UNINITIALIZED_AUTOS = YES_AGGRESSIVE;
				GCC_WARN_UNUSED_FUNCTION = YES;
				GCC_WARN_UNUSED_VARIABLE = YES;
				IPHONEOS_DEPLOYMENT_TARGET = 9.1;
				MTL_ENABLE_DEBUG_INFO = NO;
				SDKROOT = iphoneos;
				TARGETED_DEVICE_FAMILY = "1,2";
				VALIDATE_PRODUCT = YES;
			};
			name = Release;
		};
		A405039A1C0489EB0006FAA4 /* Debug */ = {
			isa = XCBuildConfiguration;
			buildSettings = {
				ASSETCATALOG_COMPILER_APPICON_NAME = AppIcon;
				INFOPLIST_FILE = AdjustableHeaderViewDemo/Info.plist;
				LD_RUNPATH_SEARCH_PATHS = "$(inherited) @executable_path/Frameworks";
				PRODUCT_BUNDLE_IDENTIFIER = com.Broccoli.AdjustableHeaderViewDemo;
				PRODUCT_NAME = "$(TARGET_NAME)";
			};
			name = Debug;
		};
		A405039B1C0489EB0006FAA4 /* Release */ = {
			isa = XCBuildConfiguration;
			buildSettings = {
				ASSETCATALOG_COMPILER_APPICON_NAME = AppIcon;
				INFOPLIST_FILE = AdjustableHeaderViewDemo/Info.plist;
				LD_RUNPATH_SEARCH_PATHS = "$(inherited) @executable_path/Frameworks";
				PRODUCT_BUNDLE_IDENTIFIER = com.Broccoli.AdjustableHeaderViewDemo;
				PRODUCT_NAME = "$(TARGET_NAME)";
			};
			name = Release;
		};
/* End XCBuildConfiguration section */

/* Begin XCConfigurationList section */
		A40503821C0489EB0006FAA4 /* Build configuration list for PBXProject "AdjustableHeaderViewDemo" */ = {
			isa = XCConfigurationList;
			buildConfigurations = (
				A40503971C0489EB0006FAA4 /* Debug */,
				A40503981C0489EB0006FAA4 /* Release */,
			);
			defaultConfigurationIsVisible = 0;
			defaultConfigurationName = Release;
		};
		A40503991C0489EB0006FAA4 /* Build configuration list for PBXNativeTarget "AdjustableHeaderViewDemo" */ = {
			isa = XCConfigurationList;
			buildConfigurations = (
				A405039A1C0489EB0006FAA4 /* Debug */,
				A405039B1C0489EB0006FAA4 /* Release */,
			);
			defaultConfigurationIsVisible = 0;
			defaultConfigurationName = Release;
		};
/* End XCConfigurationList section */
	};
	rootObject = A405037F1C0489EB0006FAA4 /* Project object */;
}
